
Microsoft Visual Studio Solution File, Format Version 12.00
# Visual Studio Version 17
VisualStudioVersion = 17.5.33627.172
MinimumVisualStudioVersion = 10.0.40219.1
Project("{8BC9CEB8-8B4A-11D0-8D11-00A0C91BC942}") = "Классы11.2", "Классы11.2.vcxproj", "{85BC4DC9-1195-4D48-BD01-E369C61B9F84}"
EndProject
Global
	GlobalSection(SolutionConfigurationPlatforms) = preSolution
		Debug|x64 = Debug|x64
		Debug|x86 = Debug|x86
		Release|x64 = Release|x64
		Release|x86 = Release|x86
	EndGlobalSection
	GlobalSection(ProjectConfigurationPlatforms) = postSolution
		{85BC4DC9-1195-4D48-BD01-E369C61B9F84}.Debug|x64.ActiveCfg = Debug|x64
		{85BC4DC9-1195-4D48-BD01-E369C61B9F84}.Debug|x64.Build.0 = Debug|x64
		{85BC4DC9-1195-4D48-BD01-E369C61B9F84}.Debug|x86.ActiveCfg = Debug|Win32
		{85BC4DC9-1195-4D48-BD01-E369C61B9F84}.Debug|x86.Build.0 = Debug|Win32
		{85BC4DC9-1195-4D48-BD01-E369C61B9F84}.Release|x64.ActiveCfg = Release|x64
		{85BC4DC9-1195-4D48-BD01-E369C61B9F84}.Release|x64.Build.0 = Release|x64
		{85BC4DC9-1195-4D48-BD01-E369C61B9F84}.Release|x86.ActiveCfg = Release|Win32
		{85BC4DC9-1195-4D48-BD01-E369C61B9F84}.Release|x86.Build.0 = Release|Win32
	EndGlobalSection
	GlobalSection(SolutionProperties) = preSolution
		HideSolutionNode = FALSE
	EndGlobalSection
	GlobalSection(ExtensibilityGlobals) = postSolution
		SolutionGuid = {5AF80558-FFB4-4AF8-9C87-74FF241D4B6F}
	EndGlobalSection
EndGlobal
